{
  "name": "web-personal",
  "version": "1.0.0",
  "lockfileVersion": 3,
  "requires": true,
  "packages": {
    "": {
      "name": "web-personal",
      "version": "1.0.0",
      "dependencies": {
        "@pranidhana/lib": "file:../lib"
      },
      "devDependencies": {
        "typescript": "^5.4.0"
      }
    },
    "../lib": {
      "name": "@pranidhana/lib",
      "version": "1.0.0",
      "dependencies": {
        "@iarna/toml": "^2.2.5",
        "express": "^5.1.0",
        "typescript": "^5.9.3",
        "typescript-language-server": "^5.0.1"
      },
      "devDependencies": {
        "@types/express": "^5.0.3",
        "@types/supertest": "^6.0.3",
        "rollup": "^4.50.2",
        "supertest": "^7.1.4",
        "vitest": "^3.2.4"
      }
    },
    "node_modules/@pranidhana/lib": {
      "resolved": "../lib",
      "link": true
    },
    "node_modules/typescript": {
      "version": "5.9.2",
      "resolved": "https://registry.npmjs.org/typescript/-/typescript-5.9.2.tgz",
      "integrity": "sha512-CWBzXQrc/qOkhidw1OzBTQuYRbfyxDXJMVJ1XNwUHGROVmuaeiEm3OslpZ1RV96d7SKKjZKrSJu3+t/xlw3R9A==",
      "dev": true,
      "license": "Apache-2.0",
      "bin": {
        "tsc": "bin/tsc",
        "tsserver": "bin/tsserver"
      },
      "engines": {
        "node": ">=14.17"
      }
    }
  }
}
